{
  "lockfileVersion": 2,
  "requires": true,
  "packages": {
    "node_modules/c4console": {
      "version": "1.0.9",
      "resolved": "https://registry.npmjs.org/c4console/-/c4console-1.0.9.tgz",
      "integrity": "sha512-nPLY9nKuoxzZ+eXemHKNl/TIkJMVezq2YBg+xWNmUBpoAE/6/Ncsq6hRtxMZ1b4BoA9wENeue2wDvKpMKN94mw=="
    },
    "node_modules/node-web-server-with-stuff": {
      "version": "1.0.4",
      "resolved": "https://registry.npmjs.org/node-web-server-with-stuff/-/node-web-server-with-stuff-1.0.4.tgz",
      "integrity": "sha512-ymgNl10F9eRGPWWXj+5bcOjTdtDR0MeEfQf/jgnXBJUgyselFOUOXCRKQfh/v8dfb5h1H/UD/Anz0iQ5NzfNUw==",
      "dependencies": {
        "c4console": "^1.0.9",
        "up2require": "^1.2.1"
      }
    },
    "node_modules/up2require": {
      "version": "1.2.1",
      "resolved": "https://registry.npmjs.org/up2require/-/up2require-1.2.1.tgz",
      "integrity": "sha512-WGWlLpa8iu6Ypa65NU5Y4bHIlDumoTgZwN/q9J9uJ9HFEzS7ojlFLcUv1CosvBBXttkf2EuJ0aCFYtOJcM7qvA=="
    }
  },
  "dependencies": {}
}
