{
  "name": "a-project-on-the-node-web-server-with-stuff",
  "version": "1.0.0",
  "lockfileVersion": 2,
  "requires": true,
  "packages": {
    "": {
      "version": "1.0.0",
      "license": "ISC",
      "dependencies": {
        "node-web-server-with-stuff": "^1.0.5"
      }
    },
    "node_modules/c4console": {
      "version": "1.0.9",
      "resolved": "https://registry.npmjs.org/c4console/-/c4console-1.0.9.tgz",
      "integrity": "sha512-nPLY9nKuoxzZ+eXemHKNl/TIkJMVezq2YBg+xWNmUBpoAE/6/Ncsq6hRtxMZ1b4BoA9wENeue2wDvKpMKN94mw=="
    },
    "node_modules/node-web-server-with-stuff": {
      "version": "1.0.5",
      "resolved": "https://registry.npmjs.org/node-web-server-with-stuff/-/node-web-server-with-stuff-1.0.5.tgz",
      "integrity": "sha512-X29pK46pd5/wdPVadtzeezYBZMDF5GvDRS5c7McdubLNqtXbRkxC1RLM2T9+jwQIdxgLyd6H5Djfu+W68TOtHA==",
      "dependencies": {
        "c4console": "^1.0.9",
        "up2require": "^1.2.1"
      }
    },
    "node_modules/up2require": {
      "version": "1.2.1",
      "resolved": "https://registry.npmjs.org/up2require/-/up2require-1.2.1.tgz",
      "integrity": "sha512-WGWlLpa8iu6Ypa65NU5Y4bHIlDumoTgZwN/q9J9uJ9HFEzS7ojlFLcUv1CosvBBXttkf2EuJ0aCFYtOJcM7qvA=="
    }
  },
  "dependencies": {
    "c4console": {
      "version": "1.0.9",
      "resolved": "https://registry.npmjs.org/c4console/-/c4console-1.0.9.tgz",
      "integrity": "sha512-nPLY9nKuoxzZ+eXemHKNl/TIkJMVezq2YBg+xWNmUBpoAE/6/Ncsq6hRtxMZ1b4BoA9wENeue2wDvKpMKN94mw=="
    },
    "node-web-server-with-stuff": {
      "version": "1.0.5",
      "resolved": "https://registry.npmjs.org/node-web-server-with-stuff/-/node-web-server-with-stuff-1.0.5.tgz",
      "integrity": "sha512-X29pK46pd5/wdPVadtzeezYBZMDF5GvDRS5c7McdubLNqtXbRkxC1RLM2T9+jwQIdxgLyd6H5Djfu+W68TOtHA==",
      "requires": {
        "c4console": "^1.0.9",
        "up2require": "^1.2.1"
      }
    },
    "up2require": {
      "version": "1.2.1",
      "resolved": "https://registry.npmjs.org/up2require/-/up2require-1.2.1.tgz",
      "integrity": "sha512-WGWlLpa8iu6Ypa65NU5Y4bHIlDumoTgZwN/q9J9uJ9HFEzS7ojlFLcUv1CosvBBXttkf2EuJ0aCFYtOJcM7qvA=="
    }
  }
}
